
Microsoft Visual Studio Solution File, Format Version 12.00
# Visual Studio Version 16
VisualStudioVersion = 16.0.29411.108
MinimumVisualStudioVersion = 10.0.40219.1
Project("{FAE04EC0-301F-11D3-BF4B-00C04F79EFBC}") = "Hackathon_2019", "Hackathon_2019\Hackathon_2019.csproj", "{40BA4589-9998-4414-BB57-D859BC7F7FD9}"
EndProject
Global
	GlobalSection(SolutionConfigurationPlatforms) = preSolution
		Debug|Any CPU = Debug|Any CPU
		Release|Any CPU = Release|Any CPU
	EndGlobalSection
	GlobalSection(ProjectConfigurationPlatforms) = postSolution
		{40BA4589-9998-4414-BB57-D859BC7F7FD9}.Debug|Any CPU.ActiveCfg = Debug|Any CPU
		{40BA4589-9998-4414-BB57-D859BC7F7FD9}.Debug|Any CPU.Build.0 = Debug|Any CPU
		{40BA4589-9998-4414-BB57-D859BC7F7FD9}.Release|Any CPU.ActiveCfg = Release|Any CPU
		{40BA4589-9998-4414-BB57-D859BC7F7FD9}.Release|Any CPU.Build.0 = Release|Any CPU
	EndGlobalSection
	GlobalSection(SolutionProperties) = preSolution
		HideSolutionNode = FALSE
	EndGlobalSection
	GlobalSection(ExtensibilityGlobals) = postSolution
		SolutionGuid = {F454A6D7-9074-4E61-BAAA-449C152D0CF9}
	EndGlobalSection
EndGlobal
